<?xml version="1.0" encoding="utf-8"?>
<Project ToolsVersion="15.0" xmlns="http://schemas.microsoft.com/developer/msbuild/2003">
  <ItemGroup>
    <ClCompile Include="jsontest.cpp">
      <Filter>Source Files</Filter>
    </ClCompile>
    <ClCompile Include="fuzz.cpp">
      <Filter>Source Files</Filter>
    </ClCompile>
    <ClCompile Include="main.cpp">
      <Filter>Source Files</Filter>
    </ClCompile>
  </ItemGroup>
  <ItemGroup>
    <ClInclude Include="jsontest.h">
      <Filter>Header Files</Filter>
    </ClInclude>
    <ClInclude Include="fuzz.h">
      <Filter>Header Files</Filter>
    </ClInclude>
  </ItemGroup>
  <ItemGroup>
    <Filter Include="Header Files">
      <UniqueIdentifier>{4ECCD63A-E495-3A31-8626-CB6CAEE6A0C9}</UniqueIdentifier>
    </Filter>
    <Filter Include="Source Files">
      <UniqueIdentifier>{34356764-898B-3834-BC5C-0D2434C65326}</UniqueIdentifier>
    </Filter>
  </ItemGroup>
</Project>